
Microsoft Visual Studio Solution File, Format Version 12.00
# Visual Studio 14
VisualStudioVersion = 14.0.24720.0
MinimumVisualStudioVersion = 10.0.40219.1
Project("{2150E333-8FDC-42A3-9474-1A3956D46DE8}") = "Demo", "Demo", "{A3AD7D55-CE3B-453E-B069-6F20C3FC4121}"
EndProject
Project("{2150E333-8FDC-42A3-9474-1A3956D46DE8}") = "Test", "Test", "{6CB7700E-7CBB-43C5-BEFD-0F3351D5E106}"
EndProject
Project("{2150E333-8FDC-42A3-9474-1A3956D46DE8}") = ".nuget", ".nuget", "{D7CBC0A0-B625-45A3-A4B7-7612D8038F69}"
	ProjectSection(SolutionItems) = preProject
		.nuget\NuGet.Config = .nuget\NuGet.Config
		.nuget\NuGet.exe = .nuget\NuGet.exe
		.nuget\NuGet.targets = .nuget\NuGet.targets
	EndProjectSection
EndProject
Project("{2150E333-8FDC-42A3-9474-1A3956D46DE8}") = "Solution Items", "Solution Items", "{9BA1A71C-1DD4-475F-A243-D875CEA15DA0}"
	ProjectSection(SolutionItems) = preProject
		King.Service.ServiceBus.nuspec = King.Service.ServiceBus.nuspec
		README.md = README.md
	EndProjectSection
EndProject
Project("{FAE04EC0-301F-11D3-BF4B-00C04F79EFBC}") = "King.Service.ServiceBus", "King.Service.ServiceBus\King.Service.ServiceBus.csproj", "{E656BBD6-0EAE-4DF3-B52C-B5940A9C4D66}"
EndProject
Project("{FAE04EC0-301F-11D3-BF4B-00C04F79EFBC}") = "King.Service.ServiceBus.Unit.Tests", "King.Service.ServiceBus.Unit.Tests\King.Service.ServiceBus.Unit.Tests.csproj", "{581D9DBF-8B13-4516-82E9-C94511B5F8A3}"
EndProject
Project("{CC5FD16D-436D-48AD-A40C-5A424C6E3E79}") = "King.Service.Azure.ServiceBus", "Demo\King.Service.ServiceBus.Worker\King.Service.Azure.ServiceBus.ccproj", "{288B0347-E6B3-47BA-B10A-308D0E15E805}"
EndProject
Project("{FAE04EC0-301F-11D3-BF4B-00C04F79EFBC}") = "King.Service.Azure.ServiceBus.Worker", "Demo\King.Service.ServiceBus.WorkerRole\King.Service.Azure.ServiceBus.Worker.csproj", "{A0BD1435-033C-4995-AE80-8F0646949FD9}"
EndProject
Project("{FAE04EC0-301F-11D3-BF4B-00C04F79EFBC}") = "King.Service.ServiceBus.Integration.Test", "King.Service.ServiceBus.Integration.Test\King.Service.ServiceBus.Integration.Test.csproj", "{3095D714-4CAE-4A30-A003-CC9C6ACE506F}"
EndProject
Global
	GlobalSection(SolutionConfigurationPlatforms) = preSolution
		Debug|Any CPU = Debug|Any CPU
		Release|Any CPU = Release|Any CPU
	EndGlobalSection
	GlobalSection(ProjectConfigurationPlatforms) = postSolution
		{E656BBD6-0EAE-4DF3-B52C-B5940A9C4D66}.Debug|Any CPU.ActiveCfg = Debug|Any CPU
		{E656BBD6-0EAE-4DF3-B52C-B5940A9C4D66}.Debug|Any CPU.Build.0 = Debug|Any CPU
		{E656BBD6-0EAE-4DF3-B52C-B5940A9C4D66}.Release|Any CPU.ActiveCfg = Release|Any CPU
		{E656BBD6-0EAE-4DF3-B52C-B5940A9C4D66}.Release|Any CPU.Build.0 = Release|Any CPU
		{581D9DBF-8B13-4516-82E9-C94511B5F8A3}.Debug|Any CPU.ActiveCfg = Debug|Any CPU
		{581D9DBF-8B13-4516-82E9-C94511B5F8A3}.Debug|Any CPU.Build.0 = Debug|Any CPU
		{581D9DBF-8B13-4516-82E9-C94511B5F8A3}.Release|Any CPU.ActiveCfg = Release|Any CPU
		{581D9DBF-8B13-4516-82E9-C94511B5F8A3}.Release|Any CPU.Build.0 = Release|Any CPU
		{288B0347-E6B3-47BA-B10A-308D0E15E805}.Debug|Any CPU.ActiveCfg = Debug|Any CPU
		{288B0347-E6B3-47BA-B10A-308D0E15E805}.Debug|Any CPU.Build.0 = Debug|Any CPU
		{288B0347-E6B3-47BA-B10A-308D0E15E805}.Release|Any CPU.ActiveCfg = Release|Any CPU
		{288B0347-E6B3-47BA-B10A-308D0E15E805}.Release|Any CPU.Build.0 = Release|Any CPU
		{A0BD1435-033C-4995-AE80-8F0646949FD9}.Debug|Any CPU.ActiveCfg = Debug|Any CPU
		{A0BD1435-033C-4995-AE80-8F0646949FD9}.Debug|Any CPU.Build.0 = Debug|Any CPU
		{A0BD1435-033C-4995-AE80-8F0646949FD9}.Release|Any CPU.ActiveCfg = Release|Any CPU
		{A0BD1435-033C-4995-AE80-8F0646949FD9}.Release|Any CPU.Build.0 = Release|Any CPU
		{3095D714-4CAE-4A30-A003-CC9C6ACE506F}.Debug|Any CPU.ActiveCfg = Debug|Any CPU
		{3095D714-4CAE-4A30-A003-CC9C6ACE506F}.Debug|Any CPU.Build.0 = Debug|Any CPU
		{3095D714-4CAE-4A30-A003-CC9C6ACE506F}.Release|Any CPU.ActiveCfg = Release|Any CPU
		{3095D714-4CAE-4A30-A003-CC9C6ACE506F}.Release|Any CPU.Build.0 = Release|Any CPU
	EndGlobalSection
	GlobalSection(SolutionProperties) = preSolution
		HideSolutionNode = FALSE
	EndGlobalSection
	GlobalSection(NestedProjects) = preSolution
		{581D9DBF-8B13-4516-82E9-C94511B5F8A3} = {6CB7700E-7CBB-43C5-BEFD-0F3351D5E106}
		{288B0347-E6B3-47BA-B10A-308D0E15E805} = {A3AD7D55-CE3B-453E-B069-6F20C3FC4121}
		{A0BD1435-033C-4995-AE80-8F0646949FD9} = {A3AD7D55-CE3B-453E-B069-6F20C3FC4121}
		{3095D714-4CAE-4A30-A003-CC9C6ACE506F} = {6CB7700E-7CBB-43C5-BEFD-0F3351D5E106}
	EndGlobalSection
EndGlobal
