
Microsoft Visual Studio Solution File, Format Version 12.00
# Visual Studio 15
VisualStudioVersion = 15.0.27130.2036
MinimumVisualStudioVersion = 10.0.40219.1
Project("{2150E333-8FDC-42A3-9474-1A3956D46DE8}") = "Solution Items", "Solution Items", "{9BA1A71C-1DD4-475F-A243-D875CEA15DA0}"
EndProject
Project("{9A19103F-16F7-4668-BE54-9A1E7A4F7556}") = "King.Service.ServiceBus", "King.Service.ServiceBus\King.Service.ServiceBus.csproj", "{DB2562C5-EC67-4AFD-8DD2-163C23E159AA}"
EndProject
Project("{9A19103F-16F7-4668-BE54-9A1E7A4F7556}") = "King.Service.ServiceBus.Test", "King.Service.ServiceBus.Test\King.Service.ServiceBus.Test.csproj", "{8C3FC1B9-B611-4F76-B0C2-B7D5C1ADE953}"
EndProject
Project("{9A19103F-16F7-4668-BE54-9A1E7A4F7556}") = "King.Service.ServiceBus.Demo", "King.Service.ServiceBus.Demo\King.Service.ServiceBus.Demo.csproj", "{65230279-62D5-49F8-A6E8-BD99B263586B}"
EndProject
Global
	GlobalSection(SolutionConfigurationPlatforms) = preSolution
		Release|Any CPU = Release|Any CPU
	EndGlobalSection
	GlobalSection(ProjectConfigurationPlatforms) = postSolution
		{DB2562C5-EC67-4AFD-8DD2-163C23E159AA}.Release|Any CPU.ActiveCfg = Release|Any CPU
		{DB2562C5-EC67-4AFD-8DD2-163C23E159AA}.Release|Any CPU.Build.0 = Release|Any CPU
		{8C3FC1B9-B611-4F76-B0C2-B7D5C1ADE953}.Release|Any CPU.ActiveCfg = Release|Any CPU
		{8C3FC1B9-B611-4F76-B0C2-B7D5C1ADE953}.Release|Any CPU.Build.0 = Release|Any CPU
		{65230279-62D5-49F8-A6E8-BD99B263586B}.Release|Any CPU.ActiveCfg = Release|Any CPU
		{65230279-62D5-49F8-A6E8-BD99B263586B}.Release|Any CPU.Build.0 = Release|Any CPU
	EndGlobalSection
EndGlobal